
Microsoft Visual Studio Solution File, Format Version 12.00
# Visual Studio Version 17
VisualStudioVersion = 17.5.33424.131
MinimumVisualStudioVersion = 10.0.40219.1
Project("{9A19103F-16F7-4668-BE54-9A1E7A4F7556}") = "FCI_API", "FCI_API\FCI_API.csproj", "{3184279E-C802-49EC-A488-B9770AC643A7}"
EndProject
Project("{FAE04EC0-301F-11D3-BF4B-00C04F79EFBC}") = "FCI_DataAccess", "FCI_DataAccess\FCI_DataAccess.csproj", "{15C09CF0-CBD0-4E91-A53F-E49879F08A82}"
EndProject
Global
	GlobalSection(SolutionConfigurationPlatforms) = preSolution
		Debug|Any CPU = Debug|Any CPU
		Release|Any CPU = Release|Any CPU
	EndGlobalSection
	GlobalSection(ProjectConfigurationPlatforms) = postSolution
		{3184279E-C802-49EC-A488-B9770AC643A7}.Debug|Any CPU.ActiveCfg = Debug|Any CPU
		{3184279E-C802-49EC-A488-B9770AC643A7}.Debug|Any CPU.Build.0 = Debug|Any CPU
		{3184279E-C802-49EC-A488-B9770AC643A7}.Release|Any CPU.ActiveCfg = Release|Any CPU
		{3184279E-C802-49EC-A488-B9770AC643A7}.Release|Any CPU.Build.0 = Release|Any CPU
		{15C09CF0-CBD0-4E91-A53F-E49879F08A82}.Debug|Any CPU.ActiveCfg = Debug|Any CPU
		{15C09CF0-CBD0-4E91-A53F-E49879F08A82}.Debug|Any CPU.Build.0 = Debug|Any CPU
		{15C09CF0-CBD0-4E91-A53F-E49879F08A82}.Release|Any CPU.ActiveCfg = Release|Any CPU
		{15C09CF0-CBD0-4E91-A53F-E49879F08A82}.Release|Any CPU.Build.0 = Release|Any CPU
	EndGlobalSection
	GlobalSection(SolutionProperties) = preSolution
		HideSolutionNode = FALSE
	EndGlobalSection
	GlobalSection(ExtensibilityGlobals) = postSolution
		SolutionGuid = {92318697-306B-4500-B203-17AA28A6AA98}
	EndGlobalSection
EndGlobal
